
Microsoft Visual Studio Solution File, Format Version 12.00
# Visual Studio 15
VisualStudioVersion = 15.0.28307.489
MinimumVisualStudioVersion = 10.0.40219.1
Project("{9A19103F-16F7-4668-BE54-9A1E7A4F7556}") = "DotNetCoreWebMVC", "DotNetCoreWebMVC.csproj", "{A1CB1EB9-2029-4078-99AB-D8D4A4CD9FF2}"
EndProject
Global
	GlobalSection(SolutionConfigurationPlatforms) = preSolution
		Debug|Any CPU = Debug|Any CPU
		Release|Any CPU = Release|Any CPU
	EndGlobalSection
	GlobalSection(ProjectConfigurationPlatforms) = postSolution
		{A1CB1EB9-2029-4078-99AB-D8D4A4CD9FF2}.Debug|Any CPU.ActiveCfg = Debug|Any CPU
		{A1CB1EB9-2029-4078-99AB-D8D4A4CD9FF2}.Debug|Any CPU.Build.0 = Debug|Any CPU
		{A1CB1EB9-2029-4078-99AB-D8D4A4CD9FF2}.Release|Any CPU.ActiveCfg = Release|Any CPU
		{A1CB1EB9-2029-4078-99AB-D8D4A4CD9FF2}.Release|Any CPU.Build.0 = Release|Any CPU
	EndGlobalSection
	GlobalSection(SolutionProperties) = preSolution
		HideSolutionNode = FALSE
	EndGlobalSection
	GlobalSection(ExtensibilityGlobals) = postSolution
		SolutionGuid = {28142DC8-DE71-4E80-826D-DBF0564C8948}
	EndGlobalSection
EndGlobal
